{
  "name": "frontend",
  "lockfileVersion": 3,
  "requires": true,
  "packages": {
    "": {
      "dependencies": {
        "gojs": "^2.3.10"
      }
    },
    "node_modules/gojs": {
      "version": "2.3.10",
      "resolved": "https://registry.npmjs.org/gojs/-/gojs-2.3.10.tgz",
      "integrity": "sha512-B+/74sLmD6iDYRr/wCwzBdhlqJ42VOQHYQcmbCKIa5KwSvKlktomr9Rn8vsN+M0+JyKz+lF61IaeNuXMd2Vwzg=="
    }
  }
}
